Microsoft Visual Studio Solution File, Format Version 11.00
# Visual Studio 2008

Project("{F714DDE7-D268-6646-5EE7-58E7DB4924C2}") = "InterfacesMoveis", "Assembly-CSharp-vs.csproj", "{BABEC489-67DF-DE86-2D8D-F95F6508598D}"
EndProject
Project("{F714DDE7-D268-6646-5EE7-58E7DB4924C2}") = "InterfacesMoveis", "Assembly-CSharp-Editor-vs.csproj", "{1CEF3FB3-B1BE-DBBE-76D5-EBE833D91C6B}"
EndProject
Global
	GlobalSection(SolutionConfigurationPlatforms) = preSolution
		Debug|Any CPU = Debug|Any CPU
		Release|Any CPU = Release|Any CPU
	EndGlobalSection
	GlobalSection(ProjectConfigurationPlatforms) = postSolution
		{BABEC489-67DF-DE86-2D8D-F95F6508598D}.Debug|Any CPU.ActiveCfg = Debug|Any CPU
		{BABEC489-67DF-DE86-2D8D-F95F6508598D}.Debug|Any CPU.Build.0 = Debug|Any CPU
		{BABEC489-67DF-DE86-2D8D-F95F6508598D}.Release|Any CPU.ActiveCfg = Release|Any CPU
		{BABEC489-67DF-DE86-2D8D-F95F6508598D}.Release|Any CPU.Build.0 = Release|Any CPU
		{1CEF3FB3-B1BE-DBBE-76D5-EBE833D91C6B}.Debug|Any CPU.ActiveCfg = Debug|Any CPU
		{1CEF3FB3-B1BE-DBBE-76D5-EBE833D91C6B}.Debug|Any CPU.Build.0 = Debug|Any CPU
		{1CEF3FB3-B1BE-DBBE-76D5-EBE833D91C6B}.Release|Any CPU.ActiveCfg = Release|Any CPU
		{1CEF3FB3-B1BE-DBBE-76D5-EBE833D91C6B}.Release|Any CPU.Build.0 = Release|Any CPU
	EndGlobalSection
	GlobalSection(SolutionProperties) = preSolution
		HideSolutionNode = FALSE
	EndGlobalSection
																	GlobalSection(MonoDevelopProperties) = preSolution
		StartupItem = Assembly-CSharp.csproj
		Policies = $0
		$0.TextStylePolicy = $1
		$1.inheritsSet = null
		$1.scope = text/x-csharp
		$0.CSharpFormattingPolicy = $2
		$2.inheritsSet = Mono
		$2.inheritsScope = text/x-csharp
		$2.scope = text/x-csharp
		$0.TextStylePolicy = $3
		$3.FileWidth = 120
		$3.TabWidth = 4
		$3.EolMarker = Unix
		$3.inheritsSet = Mono
		$3.inheritsScope = text/plain
		$3.scope = text/plain
	EndGlobalSection

EndGlobal
